
Microsoft Visual Studio Solution File, Format Version 12.00
# Visual Studio Version 17
VisualStudioVersion = 17.14.36414.22
MinimumVisualStudioVersion = 10.0.40219.1
Project("{FAE04EC0-301F-11D3-BF4B-00C04F79EFBC}") = "Lottery.UI", "Lottery.UI\Lottery.UI.csproj", "{9976E4B9-BD38-4DD0-A605-62C5FDF7D382}"
EndProject
Global
	GlobalSection(SolutionConfigurationPlatforms) = preSolution
		Debug|Any CPU = Debug|Any CPU
		Release|Any CPU = Release|Any CPU
	EndGlobalSection
	GlobalSection(ProjectConfigurationPlatforms) = postSolution
		{9976E4B9-BD38-4DD0-A605-62C5FDF7D382}.Debug|Any CPU.ActiveCfg = Debug|Any CPU
		{9976E4B9-BD38-4DD0-A605-62C5FDF7D382}.Debug|Any CPU.Build.0 = Debug|Any CPU
		{9976E4B9-BD38-4DD0-A605-62C5FDF7D382}.Release|Any CPU.ActiveCfg = Release|Any CPU
		{9976E4B9-BD38-4DD0-A605-62C5FDF7D382}.Release|Any CPU.Build.0 = Release|Any CPU
	EndGlobalSection
	GlobalSection(SolutionProperties) = preSolution
		HideSolutionNode = FALSE
	EndGlobalSection
	GlobalSection(ExtensibilityGlobals) = postSolution
		SolutionGuid = {BB0A566E-B75E-4145-B73B-1EF8C57FD441}
	EndGlobalSection
EndGlobal
