
Microsoft Visual Studio Solution File, Format Version 12.00
# Visual Studio Version 17
VisualStudioVersion = 17.14.36414.22
MinimumVisualStudioVersion = 10.0.40219.1
Project("{FAE04EC0-301F-11D3-BF4B-00C04F79EFBC}") = "Lottery.Core", "..\Lottery.Core\Lottery.Core.csproj", "{0F998635-6627-43BC-BFC9-A38FCAD4525D}"
EndProject
Project("{FAE04EC0-301F-11D3-BF4B-00C04F79EFBC}") = "Lottery.UI", "..\Lottery.UI\Lottery.UI.csproj", "{7D4D00DC-4D04-4248-95C6-788530C74F84}"
EndProject
Project("{FAE04EC0-301F-11D3-BF4B-00C04F79EFBC}") = "Lottery.Data", "Lottery.Data\Lottery.Data.csproj", "{43D30930-02EC-4A00-BBF2-F9FE85B57453}"
EndProject
Project("{FAE04EC0-301F-11D3-BF4B-00C04F79EFBC}") = "Lottery.Tools", "Lottery.Tools\Lottery.Tools.csproj", "{9E355FB2-0D05-4489-86DE-EC711D643B57}"
EndProject
Global
	GlobalSection(SolutionConfigurationPlatforms) = preSolution
		Debug|Any CPU = Debug|Any CPU
		Release|Any CPU = Release|Any CPU
	EndGlobalSection
	GlobalSection(ProjectConfigurationPlatforms) = postSolution
		{0F998635-6627-43BC-BFC9-A38FCAD4525D}.Debug|Any CPU.ActiveCfg = Debug|Any CPU
		{0F998635-6627-43BC-BFC9-A38FCAD4525D}.Debug|Any CPU.Build.0 = Debug|Any CPU
		{0F998635-6627-43BC-BFC9-A38FCAD4525D}.Release|Any CPU.ActiveCfg = Release|Any CPU
		{0F998635-6627-43BC-BFC9-A38FCAD4525D}.Release|Any CPU.Build.0 = Release|Any CPU
		{7D4D00DC-4D04-4248-95C6-788530C74F84}.Debug|Any CPU.ActiveCfg = Debug|Any CPU
		{7D4D00DC-4D04-4248-95C6-788530C74F84}.Debug|Any CPU.Build.0 = Debug|Any CPU
		{7D4D00DC-4D04-4248-95C6-788530C74F84}.Release|Any CPU.ActiveCfg = Release|Any CPU
		{7D4D00DC-4D04-4248-95C6-788530C74F84}.Release|Any CPU.Build.0 = Release|Any CPU
		{43D30930-02EC-4A00-BBF2-F9FE85B57453}.Debug|Any CPU.ActiveCfg = Debug|Any CPU
		{43D30930-02EC-4A00-BBF2-F9FE85B57453}.Debug|Any CPU.Build.0 = Debug|Any CPU
		{43D30930-02EC-4A00-BBF2-F9FE85B57453}.Release|Any CPU.ActiveCfg = Release|Any CPU
		{43D30930-02EC-4A00-BBF2-F9FE85B57453}.Release|Any CPU.Build.0 = Release|Any CPU
		{9E355FB2-0D05-4489-86DE-EC711D643B57}.Debug|Any CPU.ActiveCfg = Debug|Any CPU
		{9E355FB2-0D05-4489-86DE-EC711D643B57}.Debug|Any CPU.Build.0 = Debug|Any CPU
		{9E355FB2-0D05-4489-86DE-EC711D643B57}.Release|Any CPU.ActiveCfg = Release|Any CPU
		{9E355FB2-0D05-4489-86DE-EC711D643B57}.Release|Any CPU.Build.0 = Release|Any CPU
	EndGlobalSection
	GlobalSection(SolutionProperties) = preSolution
		HideSolutionNode = FALSE
	EndGlobalSection
	GlobalSection(ExtensibilityGlobals) = postSolution
		SolutionGuid = {BB0A566E-B75E-4145-B73B-1EF8C57FD441}
	EndGlobalSection
EndGlobal
